DEPENDENCIES
  home-lab
    path: .
    metadata: true

GRAPH
  chef-sugar (3.1.1)
  chef_handler (1.2.0)
  compat_resource (12.5.10)
  firewall (2.1.0)
    chef-sugar (>= 0.0.0)
  home-lab (0.1.1)
    firewall (~> 2.1)
    network_interfaces_v2 (~> 2.5)
    ntp (~> 1.8)
    openssh (~> 1.5)
    postfix (~> 3.7)
    sudo (~> 2.7)
    systemd (~> 1.0)
  iptables (2.0.0)
    compat_resource (>= 0.0.0)
  modules (0.2.0)
  ms_dotnet2 (1.0.0)
    windows (>= 0.0.0)
  ms_dotnet4 (1.0.2)
    windows (>= 0.0.0)
  ms_dotnet45 (2.0.0)
    windows (>= 0.0.0)
  network_interfaces_v2 (2.5.0)
    modules (~> 0.2.0)
    powershell (>= 0.0.0)
  ntp (1.8.6)
  openssh (1.5.2)
    iptables (>= 0.0.0)
  postfix (3.7.0)
  powershell (3.1.0)
    chef_handler (>= 0.0.0)
    ms_dotnet2 (>= 0.0.0)
    ms_dotnet4 (>= 0.0.0)
    ms_dotnet45 (>= 0.0.0)
    windows (>= 1.2.8)
  sudo (2.7.2)
  systemd (1.0.0)
  windows (1.38.2)
    chef_handler (>= 0.0.0)
